{
  "name": "bizbize",
  "version": "1.0.0",
  "lockfileVersion": 3,
  "requires": true,
  "packages": {
    "": {
      "name": "bizbize",
      "version": "1.0.0"
    },
    "client/host": {
      "name": "bizbize-host",
      "version": "1.0.0",
      "extraneous": true,
      "dependencies": {
        "react": "^18.2.0",
        "react-dom": "^18.2.0",
        "socket.io-client": "^4.8.1"
      },
      "devDependencies": {
        "@vitejs/plugin-react": "^4.2.1",
        "vite": "^5.4.0"
      }
    },
    "client/player": {
      "name": "bizbize-player",
      "version": "1.0.0",
      "extraneous": true,
      "dependencies": {
        "react": "^18.2.0",
        "react-dom": "^18.2.0",
        "socket.io-client": "^4.8.1"
      },
      "devDependencies": {
        "@vitejs/plugin-react": "^4.2.1",
        "vite": "^5.4.0"
      }
    },
    "server": {
      "name": "bizbize-server",
      "version": "1.0.0",
      "extraneous": true,
      "license": "MIT",
      "dependencies": {
        "cors": "^2.8.5",
        "express": "^4.19.0",
        "nanoid": "^5.0.7",
        "socket.io": "^4.8.1"
      }
    }
  }
}
